
Microsoft Visual Studio Solution File, Format Version 12.00
# Visual Studio 15
VisualStudioVersion = 15.0.26228.13
MinimumVisualStudioVersion = 10.0.40219.1
Project("{FAE04EC0-301F-11D3-BF4B-00C04F79EFBC}") = "OneNorth.ExperienceAnalyticsTableControl", "Website\OneNorth.ExperienceAnalyticsTableControl.csproj", "{FC995373-CACC-4D2F-9E8F-DFF8041217A3}"
EndProject
Project("{CAA73BB0-EF22-4D79-A57E-DF67B3BA9C80}") = "TDS.Core", "TDS.Core\TDS.Core.scproj", "{EABAD76C-1B86-401E-B828-1F88E5DF312F}"
EndProject
Global
	GlobalSection(SolutionConfigurationPlatforms) = preSolution
		Debug|Any CPU = Debug|Any CPU
		Release|Any CPU = Release|Any CPU
	EndGlobalSection
	GlobalSection(ProjectConfigurationPlatforms) = postSolution
		{FC995373-CACC-4D2F-9E8F-DFF8041217A3}.Debug|Any CPU.ActiveCfg = Debug|Any CPU
		{FC995373-CACC-4D2F-9E8F-DFF8041217A3}.Debug|Any CPU.Build.0 = Debug|Any CPU
		{FC995373-CACC-4D2F-9E8F-DFF8041217A3}.Release|Any CPU.ActiveCfg = Release|Any CPU
		{FC995373-CACC-4D2F-9E8F-DFF8041217A3}.Release|Any CPU.Build.0 = Release|Any CPU
		{EABAD76C-1B86-401E-B828-1F88E5DF312F}.Debug|Any CPU.ActiveCfg = Debug|Any CPU
		{EABAD76C-1B86-401E-B828-1F88E5DF312F}.Debug|Any CPU.Build.0 = Debug|Any CPU
		{EABAD76C-1B86-401E-B828-1F88E5DF312F}.Debug|Any CPU.Deploy.0 = Debug|Any CPU
		{EABAD76C-1B86-401E-B828-1F88E5DF312F}.Release|Any CPU.ActiveCfg = Release|Any CPU
		{EABAD76C-1B86-401E-B828-1F88E5DF312F}.Release|Any CPU.Build.0 = Release|Any CPU
		{EABAD76C-1B86-401E-B828-1F88E5DF312F}.Release|Any CPU.Deploy.0 = Release|Any CPU
	EndGlobalSection
	GlobalSection(SolutionProperties) = preSolution
		HideSolutionNode = FALSE
	EndGlobalSection
EndGlobal
